
Microsoft Visual Studio Solution File, Format Version 12.00
# Visual Studio Version 16
VisualStudioVersion = 16.0.32901.82
MinimumVisualStudioVersion = 10.0.40219.1
Project("{FAE04EC0-301F-11D3-BF4B-00C04F79EFBC}") = "Jeu 421", "Jeu 421\Jeu 421.csproj", "{2C673422-77A5-4A8C-8B99-76A791FA95AD}"
EndProject
Global
	GlobalSection(SolutionConfigurationPlatforms) = preSolution
		Debug|Any CPU = Debug|Any CPU
		Release|Any CPU = Release|Any CPU
	EndGlobalSection
	GlobalSection(ProjectConfigurationPlatforms) = postSolution
		{2C673422-77A5-4A8C-8B99-76A791FA95AD}.Debug|Any CPU.ActiveCfg = Debug|Any CPU
		{2C673422-77A5-4A8C-8B99-76A791FA95AD}.Debug|Any CPU.Build.0 = Debug|Any CPU
		{2C673422-77A5-4A8C-8B99-76A791FA95AD}.Release|Any CPU.ActiveCfg = Release|Any CPU
		{2C673422-77A5-4A8C-8B99-76A791FA95AD}.Release|Any CPU.Build.0 = Release|Any CPU
	EndGlobalSection
	GlobalSection(SolutionProperties) = preSolution
		HideSolutionNode = FALSE
	EndGlobalSection
	GlobalSection(ExtensibilityGlobals) = postSolution
		SolutionGuid = {CD6650D4-D975-4A7E-BB4F-616AD6F4EAA1}
	EndGlobalSection
EndGlobal
